
Microsoft Visual Studio Solution File, Format Version 12.00
# Visual Studio 15
VisualStudioVersion = 15.0.28307.421
MinimumVisualStudioVersion = 10.0.40219.1
Project("{FAE04EC0-301F-11D3-BF4B-00C04F79EFBC}") = "GroceryListSystem", "GroceryListSystem\GroceryListSystem.csproj", "{EA1AF7C1-9C94-4D9B-9873-CF08AB198256}"
EndProject
Project("{FAE04EC0-301F-11D3-BF4B-00C04F79EFBC}") = "GroceryList.Data", "GroceryList.Data\GroceryList.Data.csproj", "{6CBFFDD5-FC1D-4B25-9737-99F27DC72FA3}"
EndProject
Project("{FAE04EC0-301F-11D3-BF4B-00C04F79EFBC}") = "WebApp", "WebApp\WebApp.csproj", "{EBE7519E-45A0-4663-A075-3DD5476ACFA7}"
EndProject
Global
	GlobalSection(SolutionConfigurationPlatforms) = preSolution
		Debug|Any CPU = Debug|Any CPU
		Release|Any CPU = Release|Any CPU
	EndGlobalSection
	GlobalSection(ProjectConfigurationPlatforms) = postSolution
		{EA1AF7C1-9C94-4D9B-9873-CF08AB198256}.Debug|Any CPU.ActiveCfg = Debug|Any CPU
		{EA1AF7C1-9C94-4D9B-9873-CF08AB198256}.Debug|Any CPU.Build.0 = Debug|Any CPU
		{EA1AF7C1-9C94-4D9B-9873-CF08AB198256}.Release|Any CPU.ActiveCfg = Release|Any CPU
		{EA1AF7C1-9C94-4D9B-9873-CF08AB198256}.Release|Any CPU.Build.0 = Release|Any CPU
		{6CBFFDD5-FC1D-4B25-9737-99F27DC72FA3}.Debug|Any CPU.ActiveCfg = Debug|Any CPU
		{6CBFFDD5-FC1D-4B25-9737-99F27DC72FA3}.Debug|Any CPU.Build.0 = Debug|Any CPU
		{6CBFFDD5-FC1D-4B25-9737-99F27DC72FA3}.Release|Any CPU.ActiveCfg = Release|Any CPU
		{6CBFFDD5-FC1D-4B25-9737-99F27DC72FA3}.Release|Any CPU.Build.0 = Release|Any CPU
		{EBE7519E-45A0-4663-A075-3DD5476ACFA7}.Debug|Any CPU.ActiveCfg = Debug|Any CPU
		{EBE7519E-45A0-4663-A075-3DD5476ACFA7}.Debug|Any CPU.Build.0 = Debug|Any CPU
		{EBE7519E-45A0-4663-A075-3DD5476ACFA7}.Release|Any CPU.ActiveCfg = Release|Any CPU
		{EBE7519E-45A0-4663-A075-3DD5476ACFA7}.Release|Any CPU.Build.0 = Release|Any CPU
	EndGlobalSection
	GlobalSection(SolutionProperties) = preSolution
		HideSolutionNode = FALSE
	EndGlobalSection
	GlobalSection(ExtensibilityGlobals) = postSolution
		SolutionGuid = {16EB2BFA-3964-4502-B07F-78573A3F46FD}
	EndGlobalSection
EndGlobal
